
Microsoft Visual Studio Solution File, Format Version 12.00
# Visual Studio Version 16
VisualStudioVersion = 16.0.30114.105
MinimumVisualStudioVersion = 10.0.40219.1
Project("{FAE04EC0-301F-11D3-BF4B-00C04F79EFBC}") = "WebServer", "WebServer\WebServer.csproj", "{CBA8C6D1-A429-4969-80C4-E56EBFBB9245}"
EndProject
Global
	GlobalSection(SolutionConfigurationPlatforms) = preSolution
		Debug|Any CPU = Debug|Any CPU
		Release|Any CPU = Release|Any CPU
	EndGlobalSection
	GlobalSection(SolutionProperties) = preSolution
		HideSolutionNode = FALSE
	EndGlobalSection
	GlobalSection(ProjectConfigurationPlatforms) = postSolution
		{CBA8C6D1-A429-4969-80C4-E56EBFBB9245}.Debug|Any CPU.ActiveCfg = Debug|Any CPU
		{CBA8C6D1-A429-4969-80C4-E56EBFBB9245}.Debug|Any CPU.Build.0 = Debug|Any CPU
		{CBA8C6D1-A429-4969-80C4-E56EBFBB9245}.Release|Any CPU.ActiveCfg = Release|Any CPU
		{CBA8C6D1-A429-4969-80C4-E56EBFBB9245}.Release|Any CPU.Build.0 = Release|Any CPU
	EndGlobalSection
EndGlobal
